// !$*UTF8*$!
{
	archiveVersion = 1;
	classes = {
	};
	objectVersion = 56;
	objects = {

/* Begin PBXBuildFile section */
		E30C2CC32B0BEE1000530D71 /* NetworkManager.swift in Sources */ = {isa = PBXBuildFile; fileRef = E30C2CC22B0BEE1000530D71 /* NetworkManager.swift */; };
		E30C2CC82B0BF20A00530D71 /* Optional+Nil.swift in Sources */ = {isa = PBXBuildFile; fileRef = E30C2CC72B0BF20A00530D71 /* Optional+Nil.swift */; };
		E30C2CCB2B0BF23600530D71 /* Encodable+Dictionary.swift in Sources */ = {isa = PBXBuildFile; fileRef = E30C2CCA2B0BF23600530D71 /* Encodable+Dictionary.swift */; };
		E30C2CCE2B0BF6AD00530D71 /* String+Empty.swift in Sources */ = {isa = PBXBuildFile; fileRef = E30C2CCD2B0BF6AD00530D71 /* String+Empty.swift */; };
		E30C2CD12B0BFAA100530D71 /* NetworkRequestConfig.swift in Sources */ = {isa = PBXBuildFile; fileRef = E30C2CD02B0BFAA100530D71 /* NetworkRequestConfig.swift */; };
		E30C2CD32B0BFABA00530D71 /* NetworkResponse.swift in Sources */ = {isa = PBXBuildFile; fileRef = E30C2CD22B0BFABA00530D71 /* NetworkResponse.swift */; };
		E30C2CD52B0BFAD100530D71 /* NetworkError.swift in Sources */ = {isa = PBXBuildFile; fileRef = E30C2CD42B0BFAD100530D71 /* NetworkError.swift */; };
		E30C2CD82B0BFAEA00530D71 /* NetworkHttpStatusType.swift in Sources */ = {isa = PBXBuildFile; fileRef = E30C2CD72B0BFAEA00530D71 /* NetworkHttpStatusType.swift */; };
		E30C2CDA2B0BFAFF00530D71 /* NetworkEndpoints.swift in Sources */ = {isa = PBXBuildFile; fileRef = E30C2CD92B0BFAFF00530D71 /* NetworkEndpoints.swift */; };
		E30C2CDC2B0BFB1400530D71 /* NetworkHttpMethod.swift in Sources */ = {isa = PBXBuildFile; fileRef = E30C2CDB2B0BFB1400530D71 /* NetworkHttpMethod.swift */; };
		E30C2CDE2B0C154E00530D71 /* HomeService.swift in Sources */ = {isa = PBXBuildFile; fileRef = E30C2CDD2B0C154E00530D71 /* HomeService.swift */; };
		E30C2CE22B0C15E000530D71 /* ProductsService.swift in Sources */ = {isa = PBXBuildFile; fileRef = E30C2CE12B0C15E000530D71 /* ProductsService.swift */; };
		E30C2CE72B0C178700530D71 /* ProductApiModel.swift in Sources */ = {isa = PBXBuildFile; fileRef = E30C2CE62B0C178700530D71 /* ProductApiModel.swift */; };
		E30C2CEA2B0C194700530D71 /* ProductSizeApiModel.swift in Sources */ = {isa = PBXBuildFile; fileRef = E30C2CE92B0C194700530D71 /* ProductSizeApiModel.swift */; };
		E30C2CED2B0C19BB00530D71 /* ProductsListApiResponse.swift in Sources */ = {isa = PBXBuildFile; fileRef = E30C2CEC2B0C19BB00530D71 /* ProductsListApiResponse.swift */; };
		E30C2CEF2B0C216D00530D71 /* HomeView.swift in Sources */ = {isa = PBXBuildFile; fileRef = E30C2CEE2B0C216D00530D71 /* HomeView.swift */; };
		E30C2CF22B0C220E00530D71 /* UIView+CodeView.swift in Sources */ = {isa = PBXBuildFile; fileRef = E30C2CF12B0C220E00530D71 /* UIView+CodeView.swift */; };
		E30C2CF62B0C242900530D71 /* SnapKit in Frameworks */ = {isa = PBXBuildFile; productRef = E30C2CF52B0C242900530D71 /* SnapKit */; };
		E30C2CFA2B0C2B2C00530D71 /* ProductListCell.swift in Sources */ = {isa = PBXBuildFile; fileRef = E30C2CF92B0C2B2C00530D71 /* ProductListCell.swift */; };
		E30C2CFD2B0C2CC600530D71 /* UICollectionView+DequeueReusable.swift in Sources */ = {isa = PBXBuildFile; fileRef = E30C2CFC2B0C2CC600530D71 /* UICollectionView+DequeueReusable.swift */; };
		E30C2CFF2B0C2CE300530D71 /* UICollectionView+Register.swift in Sources */ = {isa = PBXBuildFile; fileRef = E30C2CFE2B0C2CE300530D71 /* UICollectionView+Register.swift */; };
		E30C2D012B0C2D1300530D71 /* UIView+Reusable.swift in Sources */ = {isa = PBXBuildFile; fileRef = E30C2D002B0C2D1300530D71 /* UIView+Reusable.swift */; };
		E30C2D052B0C32F700530D71 /* Kingfisher in Frameworks */ = {isa = PBXBuildFile; productRef = E30C2D042B0C32F700530D71 /* Kingfisher */; };
		E30C2D072B0C3A8200530D71 /* String+StrikeThrough.swift in Sources */ = {isa = PBXBuildFile; fileRef = E30C2D062B0C3A8200530D71 /* String+StrikeThrough.swift */; };
		E30C2D0B2B0C3CAE00530D71 /* ListSizesView.swift in Sources */ = {isa = PBXBuildFile; fileRef = E30C2D0A2B0C3CAE00530D71 /* ListSizesView.swift */; };
		E30C2D0E2B0C400200530D71 /* UIStackView+SubViews.swift in Sources */ = {isa = PBXBuildFile; fileRef = E30C2D0D2B0C400200530D71 /* UIStackView+SubViews.swift */; };
		E30C2D112B0C43B000530D71 /* ListPricesView.swift in Sources */ = {isa = PBXBuildFile; fileRef = E30C2D102B0C43B000530D71 /* ListPricesView.swift */; };
		E30C2D132B0C4E3400530D71 /* HomeRouter.swift in Sources */ = {isa = PBXBuildFile; fileRef = E30C2D122B0C4E3400530D71 /* HomeRouter.swift */; };
		E3D92C3E2B0AB4A100EBA968 /* AppDelegate.swift in Sources */ = {isa = PBXBuildFile; fileRef = E3D92C3D2B0AB4A100EBA968 /* AppDelegate.swift */; };
		E3D92C472B0AB4A300EBA968 /* Assets.xcassets in Resources */ = {isa = PBXBuildFile; fileRef = E3D92C462B0AB4A300EBA968 /* Assets.xcassets */; };
		E3D92C4A2B0AB4A300EBA968 /* LaunchScreen.storyboard in Resources */ = {isa = PBXBuildFile; fileRef = E3D92C482B0AB4A300EBA968 /* LaunchScreen.storyboard */; };
		E3D92C552B0AB4A300EBA968 /* ShopTests.swift in Sources */ = {isa = PBXBuildFile; fileRef = E3D92C542B0AB4A300EBA968 /* ShopTests.swift */; };
		E3D92C5F2B0AB4A300EBA968 /* ShopUITests.swift in Sources */ = {isa = PBXBuildFile; fileRef = E3D92C5E2B0AB4A300EBA968 /* ShopUITests.swift */; };
		E3D92C612B0AB4A300EBA968 /* ShopUITestsLaunchTests.swift in Sources */ = {isa = PBXBuildFile; fileRef = E3D92C602B0AB4A300EBA968 /* ShopUITestsLaunchTests.swift */; };
		E3D92C712B0AB6F100EBA968 /* AppFactory.swift in Sources */ = {isa = PBXBuildFile; fileRef = E3D92C702B0AB6F100EBA968 /* AppFactory.swift */; };
		E3D92C7B2B0AC95400EBA968 /* HomeFactory.swift in Sources */ = {isa = PBXBuildFile; fileRef = E3D92C7A2B0AC95400EBA968 /* HomeFactory.swift */; };
		E3D92C7D2B0AC98200EBA968 /* HomeViewController.swift in Sources */ = {isa = PBXBuildFile; fileRef = E3D92C7C2B0AC98200EBA968 /* HomeViewController.swift */; };
		E3D92C7F2B0ACAFF00EBA968 /* HomeInteractor.swift in Sources */ = {isa = PBXBuildFile; fileRef = E3D92C7E2B0ACAFF00EBA968 /* HomeInteractor.swift */; };
		E3D92C812B0ACB9200EBA968 /* HomePresenter.swift in Sources */ = {isa = PBXBuildFile; fileRef = E3D92C802B0ACB9200EBA968 /* HomePresenter.swift */; };
/* End PBXBuildFile section */

/* Begin PBXContainerItemProxy section */
		E3D92C512B0AB4A300EBA968 /* PBXContainerItemProxy */ = {
			isa = PBXContainerItemProxy;
			containerPortal = E3D92C322B0AB4A100EBA968 /* Project object */;
			proxyType = 1;
			remoteGlobalIDString = E3D92C392B0AB4A100EBA968;
			remoteInfo = Shop;
		};
		E3D92C5B2B0AB4A300EBA968 /* PBXContainerItemProxy */ = {
			isa = PBXContainerItemProxy;
			containerPortal = E3D92C322B0AB4A100EBA968 /* Project object */;
			proxyType = 1;
			remoteGlobalIDString = E3D92C392B0AB4A100EBA968;
			remoteInfo = Shop;
		};
/* End PBXContainerItemProxy section */

/* Begin PBXFileReference section */
		E30C2CC22B0BEE1000530D71 /* NetworkManager.swift */ = {isa = PBXFileReference; lastKnownFileType = sourcecode.swift; path = NetworkManager.swift; sourceTree = "<group>"; };
		E30C2CC72B0BF20A00530D71 /* Optional+Nil.swift */ = {isa = PBXFileReference; lastKnownFileType = sourcecode.swift; path = "Optional+Nil.swift"; sourceTree = "<group>"; };
		E30C2CCA2B0BF23600530D71 /* Encodable+Dictionary.swift */ = {isa = PBXFileReference; lastKnownFileType = sourcecode.swift; path = "Encodable+Dictionary.swift"; sourceTree = "<group>"; };
		E30C2CCD2B0BF6AD00530D71 /* String+Empty.swift */ = {isa = PBXFileReference; lastKnownFileType = sourcecode.swift; path = "String+Empty.swift"; sourceTree = "<group>"; };
		E30C2CD02B0BFAA100530D71 /* NetworkRequestConfig.swift */ = {isa = PBXFileReference; lastKnownFileType = sourcecode.swift; path = NetworkRequestConfig.swift; sourceTree = "<group>"; };
		E30C2CD22B0BFABA00530D71 /* NetworkResponse.swift */ = {isa = PBXFileReference; lastKnownFileType = sourcecode.swift; path = NetworkResponse.swift; sourceTree = "<group>"; };
		E30C2CD42B0BFAD100530D71 /* NetworkError.swift */ = {isa = PBXFileReference; lastKnownFileType = sourcecode.swift; path = NetworkError.swift; sourceTree = "<group>"; };
		E30C2CD72B0BFAEA00530D71 /* NetworkHttpStatusType.swift */ = {isa = PBXFileReference; lastKnownFileType = sourcecode.swift; path = NetworkHttpStatusType.swift; sourceTree = "<group>"; };
		E30C2CD92B0BFAFF00530D71 /* NetworkEndpoints.swift */ = {isa = PBXFileReference; lastKnownFileType = sourcecode.swift; path = NetworkEndpoints.swift; sourceTree = "<group>"; };
		E30C2CDB2B0BFB1400530D71 /* NetworkHttpMethod.swift */ = {isa = PBXFileReference; lastKnownFileType = sourcecode.swift; path = NetworkHttpMethod.swift; sourceTree = "<group>"; };
		E30C2CDD2B0C154E00530D71 /* HomeService.swift */ = {isa = PBXFileReference; lastKnownFileType = sourcecode.swift; path = HomeService.swift; sourceTree = "<group>"; };
		E30C2CE12B0C15E000530D71 /* ProductsService.swift */ = {isa = PBXFileReference; lastKnownFileType = sourcecode.swift; path = ProductsService.swift; sourceTree = "<group>"; };
		E30C2CE62B0C178700530D71 /* ProductApiModel.swift */ = {isa = PBXFileReference; lastKnownFileType = sourcecode.swift; path = ProductApiModel.swift; sourceTree = "<group>"; };
		E30C2CE92B0C194700530D71 /* ProductSizeApiModel.swift */ = {isa = PBXFileReference; lastKnownFileType = sourcecode.swift; path = ProductSizeApiModel.swift; sourceTree = "<group>"; };
		E30C2CEC2B0C19BB00530D71 /* ProductsListApiResponse.swift */ = {isa = PBXFileReference; lastKnownFileType = sourcecode.swift; path = ProductsListApiResponse.swift; sourceTree = "<group>"; };
		E30C2CEE2B0C216D00530D71 /* HomeView.swift */ = {isa = PBXFileReference; lastKnownFileType = sourcecode.swift; path = HomeView.swift; sourceTree = "<group>"; };
		E30C2CF12B0C220E00530D71 /* UIView+CodeView.swift */ = {isa = PBXFileReference; lastKnownFileType = sourcecode.swift; path = "UIView+CodeView.swift"; sourceTree = "<group>"; };
		E30C2CF92B0C2B2C00530D71 /* ProductListCell.swift */ = {isa = PBXFileReference; lastKnownFileType = sourcecode.swift; path = ProductListCell.swift; sourceTree = "<group>"; };
		E30C2CFC2B0C2CC600530D71 /* UICollectionView+DequeueReusable.swift */ = {isa = PBXFileReference; lastKnownFileType = sourcecode.swift; path = "UICollectionView+DequeueReusable.swift"; sourceTree = "<group>"; };
		E30C2CFE2B0C2CE300530D71 /* UICollectionView+Register.swift */ = {isa = PBXFileReference; lastKnownFileType = sourcecode.swift; path = "UICollectionView+Register.swift"; sourceTree = "<group>"; };
		E30C2D002B0C2D1300530D71 /* UIView+Reusable.swift */ = {isa = PBXFileReference; lastKnownFileType = sourcecode.swift; path = "UIView+Reusable.swift"; sourceTree = "<group>"; };
		E30C2D062B0C3A8200530D71 /* String+StrikeThrough.swift */ = {isa = PBXFileReference; lastKnownFileType = sourcecode.swift; path = "String+StrikeThrough.swift"; sourceTree = "<group>"; };
		E30C2D0A2B0C3CAE00530D71 /* ListSizesView.swift */ = {isa = PBXFileReference; lastKnownFileType = sourcecode.swift; path = ListSizesView.swift; sourceTree = "<group>"; };
		E30C2D0D2B0C400200530D71 /* UIStackView+SubViews.swift */ = {isa = PBXFileReference; lastKnownFileType = sourcecode.swift; path = "UIStackView+SubViews.swift"; sourceTree = "<group>"; };
		E30C2D102B0C43B000530D71 /* ListPricesView.swift */ = {isa = PBXFileReference; lastKnownFileType = sourcecode.swift; path = ListPricesView.swift; sourceTree = "<group>"; };
		E30C2D122B0C4E3400530D71 /* HomeRouter.swift */ = {isa = PBXFileReference; lastKnownFileType = sourcecode.swift; path = HomeRouter.swift; sourceTree = "<group>"; };
		E3D92C3A2B0AB4A100EBA968 /* Shop.app */ = {isa = PBXFileReference; explicitFileType = wrapper.application; includeInIndex = 0; path = Shop.app; sourceTree = BUILT_PRODUCTS_DIR; };
		E3D92C3D2B0AB4A100EBA968 /* AppDelegate.swift */ = {isa = PBXFileReference; lastKnownFileType = sourcecode.swift; path = AppDelegate.swift; sourceTree = "<group>"; };
		E3D92C462B0AB4A300EBA968 /* Assets.xcassets */ = {isa = PBXFileReference; lastKnownFileType = folder.assetcatalog; path = Assets.xcassets; sourceTree = "<group>"; };
		E3D92C492B0AB4A300EBA968 /* Base */ = {isa = PBXFileReference; lastKnownFileType = file.storyboard; name = Base; path = Base.lproj/LaunchScreen.storyboard; sourceTree = "<group>"; };
		E3D92C4B2B0AB4A300EBA968 /* Info.plist */ = {isa = PBXFileReference; lastKnownFileType = text.plist.xml; path = Info.plist; sourceTree = "<group>"; };
		E3D92C502B0AB4A300EBA968 /* ShopTests.xctest */ = {isa = PBXFileReference; explicitFileType = wrapper.cfbundle; includeInIndex = 0; path = ShopTests.xctest; sourceTree = BUILT_PRODUCTS_DIR; };
		E3D92C542B0AB4A300EBA968 /* ShopTests.swift */ = {isa = PBXFileReference; lastKnownFileType = sourcecode.swift; path = ShopTests.swift; sourceTree = "<group>"; };
		E3D92C5A2B0AB4A300EBA968 /* ShopUITests.xctest */ = {isa = PBXFileReference; explicitFileType = wrapper.cfbundle; includeInIndex = 0; path = ShopUITests.xctest; sourceTree = BUILT_PRODUCTS_DIR; };
		E3D92C5E2B0AB4A300EBA968 /* ShopUITests.swift */ = {isa = PBXFileReference; lastKnownFileType = sourcecode.swift; path = ShopUITests.swift; sourceTree = "<group>"; };
		E3D92C602B0AB4A300EBA968 /* ShopUITestsLaunchTests.swift */ = {isa = PBXFileReference; lastKnownFileType = sourcecode.swift; path = ShopUITestsLaunchTests.swift; sourceTree = "<group>"; };
		E3D92C702B0AB6F100EBA968 /* AppFactory.swift */ = {isa = PBXFileReference; lastKnownFileType = sourcecode.swift; path = AppFactory.swift; sourceTree = "<group>"; };
		E3D92C7A2B0AC95400EBA968 /* HomeFactory.swift */ = {isa = PBXFileReference; lastKnownFileType = sourcecode.swift; path = HomeFactory.swift; sourceTree = "<group>"; };
		E3D92C7C2B0AC98200EBA968 /* HomeViewController.swift */ = {isa = PBXFileReference; lastKnownFileType = sourcecode.swift; path = HomeViewController.swift; sourceTree = "<group>"; };
		E3D92C7E2B0ACAFF00EBA968 /* HomeInteractor.swift */ = {isa = PBXFileReference; lastKnownFileType = sourcecode.swift; path = HomeInteractor.swift; sourceTree = "<group>"; };
		E3D92C802B0ACB9200EBA968 /* HomePresenter.swift */ = {isa = PBXFileReference; lastKnownFileType = sourcecode.swift; path = HomePresenter.swift; sourceTree = "<group>"; };
/* End PBXFileReference section */

/* Begin PBXFrameworksBuildPhase section */
		E3D92C372B0AB4A100EBA968 /* Frameworks */ = {
			isa = PBXFrameworksBuildPhase;
			buildActionMask = 2147483647;
			files = (
				E30C2D052B0C32F700530D71 /* Kingfisher in Frameworks */,
				E30C2CF62B0C242900530D71 /* SnapKit in Frameworks */,
			);
			runOnlyForDeploymentPostprocessing = 0;
		};
		E3D92C4D2B0AB4A300EBA968 /* Frameworks */ = {
			isa = PBXFrameworksBuildPhase;
			buildActionMask = 2147483647;
			files = (
			);
			runOnlyForDeploymentPostprocessing = 0;
		};
		E3D92C572B0AB4A300EBA968 /* Frameworks */ = {
			isa = PBXFrameworksBuildPhase;
			buildActionMask = 2147483647;
			files = (
			);
			runOnlyForDeploymentPostprocessing = 0;
		};
/* End PBXFrameworksBuildPhase section */

/* Begin PBXGroup section */
		E30C2CC02B0BECAA00530D71 /* Managers */ = {
			isa = PBXGroup;
			children = (
				E30C2CC12B0BECB900530D71 /* Network */,
			);
			path = Managers;
			sourceTree = "<group>";
		};
		E30C2CC12B0BECB900530D71 /* Network */ = {
			isa = PBXGroup;
			children = (
				E30C2CD62B0BFAE100530D71 /* Enum */,
				E30C2CCF2B0BFA9700530D71 /* Models */,
				E30C2CC22B0BEE1000530D71 /* NetworkManager.swift */,
			);
			path = Network;
			sourceTree = "<group>";
		};
		E30C2CC42B0BF1DA00530D71 /* Common */ = {
			isa = PBXGroup;
			children = (
				E30C2CE32B0C176100530D71 /* Api */,
				E30C2CF72B0C2AFB00530D71 /* Components */,
				E30C2CC52B0BF1E000530D71 /* Extensions */,
				E30C2CC02B0BECAA00530D71 /* Managers */,
				E30C2CDF2B0C15BB00530D71 /* Services */,
			);
			path = Common;
			sourceTree = "<group>";
		};
		E30C2CC52B0BF1E000530D71 /* Extensions */ = {
			isa = PBXGroup;
			children = (
				E30C2D0C2B0C3FF800530D71 /* UIStackView */,
				E30C2CC92B0BF22700530D71 /* Encodable */,
				E30C2CC62B0BF1F400530D71 /* Optional */,
				E30C2CCC2B0BF69300530D71 /* String */,
				E30C2CFB2B0C2CB200530D71 /* UICollectionView */,
				E30C2CF02B0C21FA00530D71 /* UIView */,
			);
			path = Extensions;
			sourceTree = "<group>";
		};
		E30C2CC62B0BF1F400530D71 /* Optional */ = {
			isa = PBXGroup;
			children = (
				E30C2CC72B0BF20A00530D71 /* Optional+Nil.swift */,
			);
			path = Optional;
			sourceTree = "<group>";
		};
		E30C2CC92B0BF22700530D71 /* Encodable */ = {
			isa = PBXGroup;
			children = (
				E30C2CCA2B0BF23600530D71 /* Encodable+Dictionary.swift */,
			);
			path = Encodable;
			sourceTree = "<group>";
		};
		E30C2CCC2B0BF69300530D71 /* String */ = {
			isa = PBXGroup;
			children = (
				E30C2CCD2B0BF6AD00530D71 /* String+Empty.swift */,
				E30C2D062B0C3A8200530D71 /* String+StrikeThrough.swift */,
			);
			path = String;
			sourceTree = "<group>";
		};
		E30C2CCF2B0BFA9700530D71 /* Models */ = {
			isa = PBXGroup;
			children = (
				E30C2CD02B0BFAA100530D71 /* NetworkRequestConfig.swift */,
				E30C2CD22B0BFABA00530D71 /* NetworkResponse.swift */,
				E30C2CD42B0BFAD100530D71 /* NetworkError.swift */,
			);
			path = Models;
			sourceTree = "<group>";
		};
		E30C2CD62B0BFAE100530D71 /* Enum */ = {
			isa = PBXGroup;
			children = (
				E30C2CD72B0BFAEA00530D71 /* NetworkHttpStatusType.swift */,
				E30C2CD92B0BFAFF00530D71 /* NetworkEndpoints.swift */,
				E30C2CDB2B0BFB1400530D71 /* NetworkHttpMethod.swift */,
			);
			path = Enum;
			sourceTree = "<group>";
		};
		E30C2CDF2B0C15BB00530D71 /* Services */ = {
			isa = PBXGroup;
			children = (
				E30C2D022B0C2D6000530D71 /* Products */,
			);
			path = Services;
			sourceTree = "<group>";
		};
		E30C2CE32B0C176100530D71 /* Api */ = {
			isa = PBXGroup;
			children = (
				E30C2CE42B0C176800530D71 /* Models */,
			);
			path = Api;
			sourceTree = "<group>";
		};
		E30C2CE42B0C176800530D71 /* Models */ = {
			isa = PBXGroup;
			children = (
				E30C2CE52B0C177200530D71 /* Products */,
			);
			path = Models;
			sourceTree = "<group>";
		};
		E30C2CE52B0C177200530D71 /* Products */ = {
			isa = PBXGroup;
			children = (
				E30C2CE62B0C178700530D71 /* ProductApiModel.swift */,
				E30C2CE92B0C194700530D71 /* ProductSizeApiModel.swift */,
			);
			path = Products;
			sourceTree = "<group>";
		};
		E30C2CEB2B0C199300530D71 /* Models */ = {
			isa = PBXGroup;
			children = (
				E30C2CEC2B0C19BB00530D71 /* ProductsListApiResponse.swift */,
			);
			path = Models;
			sourceTree = "<group>";
		};
		E30C2CF02B0C21FA00530D71 /* UIView */ = {
			isa = PBXGroup;
			children = (
				E30C2CF12B0C220E00530D71 /* UIView+CodeView.swift */,
				E30C2D002B0C2D1300530D71 /* UIView+Reusable.swift */,
			);
			path = UIView;
			sourceTree = "<group>";
		};
		E30C2CF42B0C242900530D71 /* Frameworks */ = {
			isa = PBXGroup;
			children = (
			);
			name = Frameworks;
			sourceTree = "<group>";
		};
		E30C2CF72B0C2AFB00530D71 /* Components */ = {
			isa = PBXGroup;
			children = (
				E30C2CF82B0C2B0900530D71 /* Cell */,
				E30C2D082B0C3C8E00530D71 /* View */,
			);
			path = Components;
			sourceTree = "<group>";
		};
		E30C2CF82B0C2B0900530D71 /* Cell */ = {
			isa = PBXGroup;
			children = (
				E30C2CF92B0C2B2C00530D71 /* ProductListCell.swift */,
			);
			path = Cell;
			sourceTree = "<group>";
		};
		E30C2CFB2B0C2CB200530D71 /* UICollectionView */ = {
			isa = PBXGroup;
			children = (
				E30C2CFC2B0C2CC600530D71 /* UICollectionView+DequeueReusable.swift */,
				E30C2CFE2B0C2CE300530D71 /* UICollectionView+Register.swift */,
			);
			path = UICollectionView;
			sourceTree = "<group>";
		};
		E30C2D022B0C2D6000530D71 /* Products */ = {
			isa = PBXGroup;
			children = (
				E30C2CEB2B0C199300530D71 /* Models */,
				E30C2CE12B0C15E000530D71 /* ProductsService.swift */,
			);
			path = Products;
			sourceTree = "<group>";
		};
		E30C2D082B0C3C8E00530D71 /* View */ = {
			isa = PBXGroup;
			children = (
				E30C2D0F2B0C438900530D71 /* ListPrices */,
				E30C2D092B0C3C9B00530D71 /* ListSizes */,
			);
			path = View;
			sourceTree = "<group>";
		};
		E30C2D092B0C3C9B00530D71 /* ListSizes */ = {
			isa = PBXGroup;
			children = (
				E30C2D0A2B0C3CAE00530D71 /* ListSizesView.swift */,
			);
			path = ListSizes;
			sourceTree = "<group>";
		};
		E30C2D0C2B0C3FF800530D71 /* UIStackView */ = {
			isa = PBXGroup;
			children = (
				E30C2D0D2B0C400200530D71 /* UIStackView+SubViews.swift */,
			);
			path = UIStackView;
			sourceTree = "<group>";
		};
		E30C2D0F2B0C438900530D71 /* ListPrices */ = {
			isa = PBXGroup;
			children = (
				E30C2D102B0C43B000530D71 /* ListPricesView.swift */,
			);
			path = ListPrices;
			sourceTree = "<group>";
		};
		E3D92C312B0AB4A100EBA968 = {
			isa = PBXGroup;
			children = (
				E3D92C3C2B0AB4A100EBA968 /* Shop */,
				E3D92C532B0AB4A300EBA968 /* ShopTests */,
				E3D92C5D2B0AB4A300EBA968 /* ShopUITests */,
				E3D92C3B2B0AB4A100EBA968 /* Products */,
				E30C2CF42B0C242900530D71 /* Frameworks */,
			);
			sourceTree = "<group>";
		};
		E3D92C3B2B0AB4A100EBA968 /* Products */ = {
			isa = PBXGroup;
			children = (
				E3D92C3A2B0AB4A100EBA968 /* Shop.app */,
				E3D92C502B0AB4A300EBA968 /* ShopTests.xctest */,
				E3D92C5A2B0AB4A300EBA968 /* ShopUITests.xctest */,
			);
			name = Products;
			sourceTree = "<group>";
		};
		E3D92C3C2B0AB4A100EBA968 /* Shop */ = {
			isa = PBXGroup;
			children = (
				E3D92C6D2B0AB64B00EBA968 /* App */,
				E30C2CC42B0BF1DA00530D71 /* Common */,
				E3D92C6E2B0AB66C00EBA968 /* Resources */,
				E3D92C722B0AB78100EBA968 /* Screens */,
				E3D92C6F2B0AB6A300EBA968 /* SupportFiles */,
			);
			path = Shop;
			sourceTree = "<group>";
		};
		E3D92C532B0AB4A300EBA968 /* ShopTests */ = {
			isa = PBXGroup;
			children = (
				E3D92C542B0AB4A300EBA968 /* ShopTests.swift */,
			);
			path = ShopTests;
			sourceTree = "<group>";
		};
		E3D92C5D2B0AB4A300EBA968 /* ShopUITests */ = {
			isa = PBXGroup;
			children = (
				E3D92C5E2B0AB4A300EBA968 /* ShopUITests.swift */,
				E3D92C602B0AB4A300EBA968 /* ShopUITestsLaunchTests.swift */,
			);
			path = ShopUITests;
			sourceTree = "<group>";
		};
		E3D92C6D2B0AB64B00EBA968 /* App */ = {
			isa = PBXGroup;
			children = (
				E3D92C3D2B0AB4A100EBA968 /* AppDelegate.swift */,
				E3D92C702B0AB6F100EBA968 /* AppFactory.swift */,
			);
			path = App;
			sourceTree = "<group>";
		};
		E3D92C6E2B0AB66C00EBA968 /* Resources */ = {
			isa = PBXGroup;
			children = (
				E3D92C462B0AB4A300EBA968 /* Assets.xcassets */,
				E3D92C482B0AB4A300EBA968 /* LaunchScreen.storyboard */,
			);
			path = Resources;
			sourceTree = "<group>";
		};
		E3D92C6F2B0AB6A300EBA968 /* SupportFiles */ = {
			isa = PBXGroup;
			children = (
				E3D92C4B2B0AB4A300EBA968 /* Info.plist */,
			);
			path = SupportFiles;
			sourceTree = "<group>";
		};
		E3D92C722B0AB78100EBA968 /* Screens */ = {
			isa = PBXGroup;
			children = (
				E3D92C792B0AC90100EBA968 /* Home */,
			);
			path = Screens;
			sourceTree = "<group>";
		};
		E3D92C792B0AC90100EBA968 /* Home */ = {
			isa = PBXGroup;
			children = (
				E3D92C7A2B0AC95400EBA968 /* HomeFactory.swift */,
				E3D92C7E2B0ACAFF00EBA968 /* HomeInteractor.swift */,
				E3D92C802B0ACB9200EBA968 /* HomePresenter.swift */,
				E30C2D122B0C4E3400530D71 /* HomeRouter.swift */,
				E30C2CDD2B0C154E00530D71 /* HomeService.swift */,
				E30C2CEE2B0C216D00530D71 /* HomeView.swift */,
				E3D92C7C2B0AC98200EBA968 /* HomeViewController.swift */,
			);
			path = Home;
			sourceTree = "<group>";
		};
/* End PBXGroup section */

/* Begin PBXNativeTarget section */
		E3D92C392B0AB4A100EBA968 /* Shop */ = {
			isa = PBXNativeTarget;
			buildConfigurationList = E3D92C642B0AB4A300EBA968 /* Build configuration list for PBXNativeTarget "Shop" */;
			buildPhases = (
				E3D92C362B0AB4A100EBA968 /* Sources */,
				E3D92C372B0AB4A100EBA968 /* Frameworks */,
				E3D92C382B0AB4A100EBA968 /* Resources */,
			);
			buildRules = (
			);
			dependencies = (
			);
			name = Shop;
			packageProductDependencies = (
				E30C2CF52B0C242900530D71 /* SnapKit */,
				E30C2D042B0C32F700530D71 /* Kingfisher */,
			);
			productName = Shop;
			productReference = E3D92C3A2B0AB4A100EBA968 /* Shop.app */;
			productType = "com.apple.product-type.application";
		};
		E3D92C4F2B0AB4A300EBA968 /* ShopTests */ = {
			isa = PBXNativeTarget;
			buildConfigurationList = E3D92C672B0AB4A300EBA968 /* Build configuration list for PBXNativeTarget "ShopTests" */;
			buildPhases = (
				E3D92C4C2B0AB4A300EBA968 /* Sources */,
				E3D92C4D2B0AB4A300EBA968 /* Frameworks */,
				E3D92C4E2B0AB4A300EBA968 /* Resources */,
			);
			buildRules = (
			);
			dependencies = (
				E3D92C522B0AB4A300EBA968 /* PBXTargetDependency */,
			);
			name = ShopTests;
			productName = ShopTests;
			productReference = E3D92C502B0AB4A300EBA968 /* ShopTests.xctest */;
			productType = "com.apple.product-type.bundle.unit-test";
		};
		E3D92C592B0AB4A300EBA968 /* ShopUITests */ = {
			isa = PBXNativeTarget;
			buildConfigurationList = E3D92C6A2B0AB4A300EBA968 /* Build configuration list for PBXNativeTarget "ShopUITests" */;
			buildPhases = (
				E3D92C562B0AB4A300EBA968 /* Sources */,
				E3D92C572B0AB4A300EBA968 /* Frameworks */,
				E3D92C582B0AB4A300EBA968 /* Resources */,
			);
			buildRules = (
			);
			dependencies = (
				E3D92C5C2B0AB4A300EBA968 /* PBXTargetDependency */,
			);
			name = ShopUITests;
			productName = ShopUITests;
			productReference = E3D92C5A2B0AB4A300EBA968 /* ShopUITests.xctest */;
			productType = "com.apple.product-type.bundle.ui-testing";
		};
/* End PBXNativeTarget section */

/* Begin PBXProject section */
		E3D92C322B0AB4A100EBA968 /* Project object */ = {
			isa = PBXProject;
			attributes = {
				BuildIndependentTargetsInParallel = 1;
				LastSwiftUpdateCheck = 1500;
				LastUpgradeCheck = 1500;
				TargetAttributes = {
					E3D92C392B0AB4A100EBA968 = {
						CreatedOnToolsVersion = 15.0.1;
					};
					E3D92C4F2B0AB4A300EBA968 = {
						CreatedOnToolsVersion = 15.0.1;
						TestTargetID = E3D92C392B0AB4A100EBA968;
					};
					E3D92C592B0AB4A300EBA968 = {
						CreatedOnToolsVersion = 15.0.1;
						TestTargetID = E3D92C392B0AB4A100EBA968;
					};
				};
			};
			buildConfigurationList = E3D92C352B0AB4A100EBA968 /* Build configuration list for PBXProject "Shop" */;
			compatibilityVersion = "Xcode 14.0";
			developmentRegion = en;
			hasScannedForEncodings = 0;
			knownRegions = (
				en,
				Base,
			);
			mainGroup = E3D92C312B0AB4A100EBA968;
			packageReferences = (
				E30C2CF32B0C238800530D71 /* XCRemoteSwiftPackageReference "SnapKit" */,
				E30C2D032B0C32F700530D71 /* XCRemoteSwiftPackageReference "Kingfisher" */,
			);
			productRefGroup = E3D92C3B2B0AB4A100EBA968 /* Products */;
			projectDirPath = "";
			projectRoot = "";
			targets = (
				E3D92C392B0AB4A100EBA968 /* Shop */,
				E3D92C4F2B0AB4A300EBA968 /* ShopTests */,
				E3D92C592B0AB4A300EBA968 /* ShopUITests */,
			);
		};
/* End PBXProject section */

/* Begin PBXResourcesBuildPhase section */
		E3D92C382B0AB4A100EBA968 /* Resources */ = {
			isa = PBXResourcesBuildPhase;
			buildActionMask = 2147483647;
			files = (
				E3D92C4A2B0AB4A300EBA968 /* LaunchScreen.storyboard in Resources */,
				E3D92C472B0AB4A300EBA968 /* Assets.xcassets in Resources */,
			);
			runOnlyForDeploymentPostprocessing = 0;
		};
		E3D92C4E2B0AB4A300EBA968 /* Resources */ = {
			isa = PBXResourcesBuildPhase;
			buildActionMask = 2147483647;
			files = (
			);
			runOnlyForDeploymentPostprocessing = 0;
		};
		E3D92C582B0AB4A300EBA968 /* Resources */ = {
			isa = PBXResourcesBuildPhase;
			buildActionMask = 2147483647;
			files = (
			);
			runOnlyForDeploymentPostprocessing = 0;
		};
/* End PBXResourcesBuildPhase section */

/* Begin PBXSourcesBuildPhase section */
		E3D92C362B0AB4A100EBA968 /* Sources */ = {
			isa = PBXSourcesBuildPhase;
			buildActionMask = 2147483647;
			files = (
				E3D92C812B0ACB9200EBA968 /* HomePresenter.swift in Sources */,
				E30C2CD52B0BFAD100530D71 /* NetworkError.swift in Sources */,
				E30C2D112B0C43B000530D71 /* ListPricesView.swift in Sources */,
				E30C2CF22B0C220E00530D71 /* UIView+CodeView.swift in Sources */,
				E3D92C7D2B0AC98200EBA968 /* HomeViewController.swift in Sources */,
				E30C2CCE2B0BF6AD00530D71 /* String+Empty.swift in Sources */,
				E30C2CFA2B0C2B2C00530D71 /* ProductListCell.swift in Sources */,
				E3D92C712B0AB6F100EBA968 /* AppFactory.swift in Sources */,
				E30C2CEF2B0C216D00530D71 /* HomeView.swift in Sources */,
				E30C2CCB2B0BF23600530D71 /* Encodable+Dictionary.swift in Sources */,
				E3D92C7B2B0AC95400EBA968 /* HomeFactory.swift in Sources */,
				E30C2CD12B0BFAA100530D71 /* NetworkRequestConfig.swift in Sources */,
				E30C2CC32B0BEE1000530D71 /* NetworkManager.swift in Sources */,
				E3D92C7F2B0ACAFF00EBA968 /* HomeInteractor.swift in Sources */,
				E30C2CED2B0C19BB00530D71 /* ProductsListApiResponse.swift in Sources */,
				E30C2CEA2B0C194700530D71 /* ProductSizeApiModel.swift in Sources */,
				E30C2D0B2B0C3CAE00530D71 /* ListSizesView.swift in Sources */,
				E30C2CFF2B0C2CE300530D71 /* UICollectionView+Register.swift in Sources */,
				E30C2CE72B0C178700530D71 /* ProductApiModel.swift in Sources */,
				E30C2CDE2B0C154E00530D71 /* HomeService.swift in Sources */,
				E30C2CD82B0BFAEA00530D71 /* NetworkHttpStatusType.swift in Sources */,
				E30C2D132B0C4E3400530D71 /* HomeRouter.swift in Sources */,
				E30C2D012B0C2D1300530D71 /* UIView+Reusable.swift in Sources */,
				E3D92C3E2B0AB4A100EBA968 /* AppDelegate.swift in Sources */,
				E30C2CC82B0BF20A00530D71 /* Optional+Nil.swift in Sources */,
				E30C2CD32B0BFABA00530D71 /* NetworkResponse.swift in Sources */,
				E30C2CDC2B0BFB1400530D71 /* NetworkHttpMethod.swift in Sources */,
				E30C2CFD2B0C2CC600530D71 /* UICollectionView+DequeueReusable.swift in Sources */,
				E30C2CDA2B0BFAFF00530D71 /* NetworkEndpoints.swift in Sources */,
				E30C2D0E2B0C400200530D71 /* UIStackView+SubViews.swift in Sources */,
				E30C2D072B0C3A8200530D71 /* String+StrikeThrough.swift in Sources */,
				E30C2CE22B0C15E000530D71 /* ProductsService.swift in Sources */,
			);
			runOnlyForDeploymentPostprocessing = 0;
		};
		E3D92C4C2B0AB4A300EBA968 /* Sources */ = {
			isa = PBXSourcesBuildPhase;
			buildActionMask = 2147483647;
			files = (
				E3D92C552B0AB4A300EBA968 /* ShopTests.swift in Sources */,
			);
			runOnlyForDeploymentPostprocessing = 0;
		};
		E3D92C562B0AB4A300EBA968 /* Sources */ = {
			isa = PBXSourcesBuildPhase;
			buildActionMask = 2147483647;
			files = (
				E3D92C612B0AB4A300EBA968 /* ShopUITestsLaunchTests.swift in Sources */,
				E3D92C5F2B0AB4A300EBA968 /* ShopUITests.swift in Sources */,
			);
			runOnlyForDeploymentPostprocessing = 0;
		};
/* End PBXSourcesBuildPhase section */

/* Begin PBXTargetDependency section */
		E3D92C522B0AB4A300EBA968 /* PBXTargetDependency */ = {
			isa = PBXTargetDependency;
			target = E3D92C392B0AB4A100EBA968 /* Shop */;
			targetProxy = E3D92C512B0AB4A300EBA968 /* PBXContainerItemProxy */;
		};
		E3D92C5C2B0AB4A300EBA968 /* PBXTargetDependency */ = {
			isa = PBXTargetDependency;
			target = E3D92C392B0AB4A100EBA968 /* Shop */;
			targetProxy = E3D92C5B2B0AB4A300EBA968 /* PBXContainerItemProxy */;
		};
/* End PBXTargetDependency section */

/* Begin PBXVariantGroup section */
		E3D92C482B0AB4A300EBA968 /* LaunchScreen.storyboard */ = {
			isa = PBXVariantGroup;
			children = (
				E3D92C492B0AB4A300EBA968 /* Base */,
			);
			name = LaunchScreen.storyboard;
			sourceTree = "<group>";
		};
/* End PBXVariantGroup section */

/* Begin XCBuildConfiguration section */
		E3D92C622B0AB4A300EBA968 /* Debug */ = {
			isa = XCBuildConfiguration;
			buildSettings = {
				ALWAYS_SEARCH_USER_PATHS = NO;
				ASSETCATALOG_COMPILER_GENERATE_SWIFT_ASSET_SYMBOL_EXTENSIONS = YES;
				CLANG_ANALYZER_NONNULL = YES;
				CLANG_ANALYZER_NUMBER_OBJECT_CONVERSION = YES_AGGRESSIVE;
				CLANG_CXX_LANGUAGE_STANDARD = "gnu++20";
				CLANG_ENABLE_MODULES = YES;
				CLANG_ENABLE_OBJC_ARC = YES;
				CLANG_ENABLE_OBJC_WEAK = YES;
				CLANG_WARN_BLOCK_CAPTURE_AUTORELEASING = YES;
				CLANG_WARN_BOOL_CONVERSION = YES;
				CLANG_WARN_COMMA = YES;
				CLANG_WARN_CONSTANT_CONVERSION = YES;
				CLANG_WARN_DEPRECATED_OBJC_IMPLEMENTATIONS = YES;
				CLANG_WARN_DIRECT_OBJC_ISA_USAGE = YES_ERROR;
				CLANG_WARN_DOCUMENTATION_COMMENTS = YES;
				CLANG_WARN_EMPTY_BODY = YES;
				CLANG_WARN_ENUM_CONVERSION = YES;
				CLANG_WARN_INFINITE_RECURSION = YES;
				CLANG_WARN_INT_CONVERSION = YES;
				CLANG_WARN_NON_LITERAL_NULL_CONVERSION = YES;
				CLANG_WARN_OBJC_IMPLICIT_RETAIN_SELF = YES;
				CLANG_WARN_OBJC_LITERAL_CONVERSION = YES;
				CLANG_WARN_OBJC_ROOT_CLASS = YES_ERROR;
				CLANG_WARN_QUOTED_INCLUDE_IN_FRAMEWORK_HEADER = YES;
				CLANG_WARN_RANGE_LOOP_ANALYSIS = YES;
				CLANG_WARN_STRICT_PROTOTYPES = YES;
				CLANG_WARN_SUSPICIOUS_MOVE = YES;
				CLANG_WARN_UNGUARDED_AVAILABILITY = YES_AGGRESSIVE;
				CLANG_WARN_UNREACHABLE_CODE = YES;
				CLANG_WARN__DUPLICATE_METHOD_MATCH = YES;
				COPY_PHASE_STRIP = NO;
				DEBUG_INFORMATION_FORMAT = dwarf;
				ENABLE_STRICT_OBJC_MSGSEND = YES;
				ENABLE_TESTABILITY = YES;
				ENABLE_USER_SCRIPT_SANDBOXING = YES;
				GCC_C_LANGUAGE_STANDARD = gnu17;
				GCC_DYNAMIC_NO_PIC = NO;
				GCC_NO_COMMON_BLOCKS = YES;
				GCC_OPTIMIZATION_LEVEL = 0;
				GCC_PREPROCESSOR_DEFINITIONS = (
					"DEBUG=1",
					"$(inherited)",
				);
				GCC_WARN_64_TO_32_BIT_CONVERSION = YES;
				GCC_WARN_ABOUT_RETURN_TYPE = YES_ERROR;
				GCC_WARN_UNDECLARED_SELECTOR = YES;
				GCC_WARN_UNINITIALIZED_AUTOS = YES_AGGRESSIVE;
				GCC_WARN_UNUSED_FUNCTION = YES;
				GCC_WARN_UNUSED_VARIABLE = YES;
				IPHONEOS_DEPLOYMENT_TARGET = 17.0;
				LOCALIZATION_PREFERS_STRING_CATALOGS = YES;
				MTL_ENABLE_DEBUG_INFO = INCLUDE_SOURCE;
				MTL_FAST_MATH = YES;
				ONLY_ACTIVE_ARCH = YES;
				SDKROOT = iphoneos;
				SWIFT_ACTIVE_COMPILATION_CONDITIONS = "DEBUG $(inherited)";
				SWIFT_OPTIMIZATION_LEVEL = "-Onone";
			};
			name = Debug;
		};
		E3D92C632B0AB4A300EBA968 /* Release */ = {
			isa = XCBuildConfiguration;
			buildSettings = {
				ALWAYS_SEARCH_USER_PATHS = NO;
				ASSETCATALOG_COMPILER_GENERATE_SWIFT_ASSET_SYMBOL_EXTENSIONS = YES;
				CLANG_ANALYZER_NONNULL = YES;
				CLANG_ANALYZER_NUMBER_OBJECT_CONVERSION = YES_AGGRESSIVE;
				CLANG_CXX_LANGUAGE_STANDARD = "gnu++20";
				CLANG_ENABLE_MODULES = YES;
				CLANG_ENABLE_OBJC_ARC = YES;
				CLANG_ENABLE_OBJC_WEAK = YES;
				CLANG_WARN_BLOCK_CAPTURE_AUTORELEASING = YES;
				CLANG_WARN_BOOL_CONVERSION = YES;
				CLANG_WARN_COMMA = YES;
				CLANG_WARN_CONSTANT_CONVERSION = YES;
				CLANG_WARN_DEPRECATED_OBJC_IMPLEMENTATIONS = YES;
				CLANG_WARN_DIRECT_OBJC_ISA_USAGE = YES_ERROR;
				CLANG_WARN_DOCUMENTATION_COMMENTS = YES;
				CLANG_WARN_EMPTY_BODY = YES;
				CLANG_WARN_ENUM_CONVERSION = YES;
				CLANG_WARN_INFINITE_RECURSION = YES;
				CLANG_WARN_INT_CONVERSION = YES;
				CLANG_WARN_NON_LITERAL_NULL_CONVERSION = YES;
				CLANG_WARN_OBJC_IMPLICIT_RETAIN_SELF = YES;
				CLANG_WARN_OBJC_LITERAL_CONVERSION = YES;
				CLANG_WARN_OBJC_ROOT_CLASS = YES_ERROR;
				CLANG_WARN_QUOTED_INCLUDE_IN_FRAMEWORK_HEADER = YES;
				CLANG_WARN_RANGE_LOOP_ANALYSIS = YES;
				CLANG_WARN_STRICT_PROTOTYPES = YES;
				CLANG_WARN_SUSPICIOUS_MOVE = YES;
				CLANG_WARN_UNGUARDED_AVAILABILITY = YES_AGGRESSIVE;
				CLANG_WARN_UNREACHABLE_CODE = YES;
				CLANG_WARN__DUPLICATE_METHOD_MATCH = YES;
				COPY_PHASE_STRIP = NO;
				DEBUG_INFORMATION_FORMAT = "dwarf-with-dsym";
				ENABLE_NS_ASSERTIONS = NO;
				ENABLE_STRICT_OBJC_MSGSEND = YES;
				ENABLE_USER_SCRIPT_SANDBOXING = YES;
				GCC_C_LANGUAGE_STANDARD = gnu17;
				GCC_NO_COMMON_BLOCKS = YES;
				GCC_WARN_64_TO_32_BIT_CONVERSION = YES;
				GCC_WARN_ABOUT_RETURN_TYPE = YES_ERROR;
				GCC_WARN_UNDECLARED_SELECTOR = YES;
				GCC_WARN_UNINITIALIZED_AUTOS = YES_AGGRESSIVE;
				GCC_WARN_UNUSED_FUNCTION = YES;
				GCC_WARN_UNUSED_VARIABLE = YES;
				IPHONEOS_DEPLOYMENT_TARGET = 17.0;
				LOCALIZATION_PREFERS_STRING_CATALOGS = YES;
				MTL_ENABLE_DEBUG_INFO = NO;
				MTL_FAST_MATH = YES;
				SDKROOT = iphoneos;
				SWIFT_COMPILATION_MODE = wholemodule;
				VALIDATE_PRODUCT = YES;
			};
			name = Release;
		};
		E3D92C652B0AB4A300EBA968 /* Debug */ = {
			isa = XCBuildConfiguration;
			buildSettings = {
				ASSETCATALOG_COMPILER_APPICON_NAME = AppIcon;
				ASSETCATALOG_COMPILER_GLOBAL_ACCENT_COLOR_NAME = AccentColor;
				CODE_SIGN_STYLE = Automatic;
				CURRENT_PROJECT_VERSION = 1;
				GENERATE_INFOPLIST_FILE = YES;
				INFOPLIST_FILE = Shop/SupportFiles/Info.plist;
				INFOPLIST_KEY_CFBundleDisplayName = Shop;
				INFOPLIST_KEY_LSApplicationCategoryType = "public.app-category.shopping";
				INFOPLIST_KEY_UIApplicationSupportsIndirectInputEvents = YES;
				INFOPLIST_KEY_UILaunchStoryboardName = LaunchScreen.storyboard;
				INFOPLIST_KEY_UIMainStoryboardFile = "";
				INFOPLIST_KEY_UISupportedInterfaceOrientations_iPad = "UIInterfaceOrientationPortrait UIInterfaceOrientationPortraitUpsideDown UIInterfaceOrientationLandscapeLeft UIInterfaceOrientationLandscapeRight";
				INFOPLIST_KEY_UISupportedInterfaceOrientations_iPhone = "UIInterfaceOrientationPortrait UIInterfaceOrientationLandscapeLeft UIInterfaceOrientationLandscapeRight";
				LD_RUNPATH_SEARCH_PATHS = (
					"$(inherited)",
					"@executable_path/Frameworks",
				);
				MARKETING_VERSION = 1.0;
				PRODUCT_BUNDLE_IDENTIFIER = DevWorld.Shop;
				PRODUCT_NAME = "$(TARGET_NAME)";
				SUPPORTED_PLATFORMS = "iphoneos iphonesimulator";
				SUPPORTS_MACCATALYST = NO;
				SUPPORTS_MAC_DESIGNED_FOR_IPHONE_IPAD = NO;
				SWIFT_EMIT_LOC_STRINGS = YES;
				SWIFT_VERSION = 5.0;
				TARGETED_DEVICE_FAMILY = 1;
			};
			name = Debug;
		};
		E3D92C662B0AB4A300EBA968 /* Release */ = {
			isa = XCBuildConfiguration;
			buildSettings = {
				ASSETCATALOG_COMPILER_APPICON_NAME = AppIcon;
				ASSETCATALOG_COMPILER_GLOBAL_ACCENT_COLOR_NAME = AccentColor;
				CODE_SIGN_STYLE = Automatic;
				CURRENT_PROJECT_VERSION = 1;
				GENERATE_INFOPLIST_FILE = YES;
				INFOPLIST_FILE = Shop/SupportFiles/Info.plist;
				INFOPLIST_KEY_CFBundleDisplayName = Shop;
				INFOPLIST_KEY_LSApplicationCategoryType = "public.app-category.shopping";
				INFOPLIST_KEY_UIApplicationSupportsIndirectInputEvents = YES;
				INFOPLIST_KEY_UILaunchStoryboardName = LaunchScreen.storyboard;
				INFOPLIST_KEY_UIMainStoryboardFile = "";
				INFOPLIST_KEY_UISupportedInterfaceOrientations_iPad = "UIInterfaceOrientationPortrait UIInterfaceOrientationPortraitUpsideDown UIInterfaceOrientationLandscapeLeft UIInterfaceOrientationLandscapeRight";
				INFOPLIST_KEY_UISupportedInterfaceOrientations_iPhone = "UIInterfaceOrientationPortrait UIInterfaceOrientationLandscapeLeft UIInterfaceOrientationLandscapeRight";
				LD_RUNPATH_SEARCH_PATHS = (
					"$(inherited)",
					"@executable_path/Frameworks",
				);
				MARKETING_VERSION = 1.0;
				PRODUCT_BUNDLE_IDENTIFIER = DevWorld.Shop;
				PRODUCT_NAME = "$(TARGET_NAME)";
				SUPPORTED_PLATFORMS = "iphoneos iphonesimulator";
				SUPPORTS_MACCATALYST = NO;
				SUPPORTS_MAC_DESIGNED_FOR_IPHONE_IPAD = NO;
				SWIFT_EMIT_LOC_STRINGS = YES;
				SWIFT_VERSION = 5.0;
				TARGETED_DEVICE_FAMILY = 1;
			};
			name = Release;
		};
		E3D92C682B0AB4A300EBA968 /* Debug */ = {
			isa = XCBuildConfiguration;
			buildSettings = {
				ALWAYS_EMBED_SWIFT_STANDARD_LIBRARIES = YES;
				BUNDLE_LOADER = "$(TEST_HOST)";
				CODE_SIGN_STYLE = Automatic;
				CURRENT_PROJECT_VERSION = 1;
				GENERATE_INFOPLIST_FILE = YES;
				IPHONEOS_DEPLOYMENT_TARGET = 17.0;
				MARKETING_VERSION = 1.0;
				PRODUCT_BUNDLE_IDENTIFIER = DevWorld.ShopTests;
				PRODUCT_NAME = "$(TARGET_NAME)";
				SWIFT_EMIT_LOC_STRINGS = NO;
				SWIFT_VERSION = 5.0;
				TARGETED_DEVICE_FAMILY = "1,2";
				TEST_HOST = "$(BUILT_PRODUCTS_DIR)/Shop.app/$(BUNDLE_EXECUTABLE_FOLDER_PATH)/Shop";
			};
			name = Debug;
		};
		E3D92C692B0AB4A300EBA968 /* Release */ = {
			isa = XCBuildConfiguration;
			buildSettings = {
				ALWAYS_EMBED_SWIFT_STANDARD_LIBRARIES = YES;
				BUNDLE_LOADER = "$(TEST_HOST)";
				CODE_SIGN_STYLE = Automatic;
				CURRENT_PROJECT_VERSION = 1;
				GENERATE_INFOPLIST_FILE = YES;
				IPHONEOS_DEPLOYMENT_TARGET = 17.0;
				MARKETING_VERSION = 1.0;
				PRODUCT_BUNDLE_IDENTIFIER = DevWorld.ShopTests;
				PRODUCT_NAME = "$(TARGET_NAME)";
				SWIFT_EMIT_LOC_STRINGS = NO;
				SWIFT_VERSION = 5.0;
				TARGETED_DEVICE_FAMILY = "1,2";
				TEST_HOST = "$(BUILT_PRODUCTS_DIR)/Shop.app/$(BUNDLE_EXECUTABLE_FOLDER_PATH)/Shop";
			};
			name = Release;
		};
		E3D92C6B2B0AB4A300EBA968 /* Debug */ = {
			isa = XCBuildConfiguration;
			buildSettings = {
				ALWAYS_EMBED_SWIFT_STANDARD_LIBRARIES = YES;
				CODE_SIGN_STYLE = Automatic;
				CURRENT_PROJECT_VERSION = 1;
				GENERATE_INFOPLIST_FILE = YES;
				MARKETING_VERSION = 1.0;
				PRODUCT_BUNDLE_IDENTIFIER = DevWorld.ShopUITests;
				PRODUCT_NAME = "$(TARGET_NAME)";
				SWIFT_EMIT_LOC_STRINGS = NO;
				SWIFT_VERSION = 5.0;
				TARGETED_DEVICE_FAMILY = "1,2";
				TEST_TARGET_NAME = Shop;
			};
			name = Debug;
		};
		E3D92C6C2B0AB4A300EBA968 /* Release */ = {
			isa = XCBuildConfiguration;
			buildSettings = {
				ALWAYS_EMBED_SWIFT_STANDARD_LIBRARIES = YES;
				CODE_SIGN_STYLE = Automatic;
				CURRENT_PROJECT_VERSION = 1;
				GENERATE_INFOPLIST_FILE = YES;
				MARKETING_VERSION = 1.0;
				PRODUCT_BUNDLE_IDENTIFIER = DevWorld.ShopUITests;
				PRODUCT_NAME = "$(TARGET_NAME)";
				SWIFT_EMIT_LOC_STRINGS = NO;
				SWIFT_VERSION = 5.0;
				TARGETED_DEVICE_FAMILY = "1,2";
				TEST_TARGET_NAME = Shop;
			};
			name = Release;
		};
/* End XCBuildConfiguration section */

/* Begin XCConfigurationList section */
		E3D92C352B0AB4A100EBA968 /* Build configuration list for PBXProject "Shop" */ = {
			isa = XCConfigurationList;
			buildConfigurations = (
				E3D92C622B0AB4A300EBA968 /* Debug */,
				E3D92C632B0AB4A300EBA968 /* Release */,
			);
			defaultConfigurationIsVisible = 0;
			defaultConfigurationName = Release;
		};
		E3D92C642B0AB4A300EBA968 /* Build configuration list for PBXNativeTarget "Shop" */ = {
			isa = XCConfigurationList;
			buildConfigurations = (
				E3D92C652B0AB4A300EBA968 /* Debug */,
				E3D92C662B0AB4A300EBA968 /* Release */,
			);
			defaultConfigurationIsVisible = 0;
			defaultConfigurationName = Release;
		};
		E3D92C672B0AB4A300EBA968 /* Build configuration list for PBXNativeTarget "ShopTests" */ = {
			isa = XCConfigurationList;
			buildConfigurations = (
				E3D92C682B0AB4A300EBA968 /* Debug */,
				E3D92C692B0AB4A300EBA968 /* Release */,
			);
			defaultConfigurationIsVisible = 0;
			defaultConfigurationName = Release;
		};
		E3D92C6A2B0AB4A300EBA968 /* Build configuration list for PBXNativeTarget "ShopUITests" */ = {
			isa = XCConfigurationList;
			buildConfigurations = (
				E3D92C6B2B0AB4A300EBA968 /* Debug */,
				E3D92C6C2B0AB4A300EBA968 /* Release */,
			);
			defaultConfigurationIsVisible = 0;
			defaultConfigurationName = Release;
		};
/* End XCConfigurationList section */

/* Begin XCRemoteSwiftPackageReference section */
		E30C2CF32B0C238800530D71 /* XCRemoteSwiftPackageReference "SnapKit" */ = {
			isa = XCRemoteSwiftPackageReference;
			repositoryURL = "https://github.com/SnapKit/SnapKit";
			requirement = {
				kind = upToNextMajorVersion;
				minimumVersion = 5.6.0;
			};
		};
		E30C2D032B0C32F700530D71 /* XCRemoteSwiftPackageReference "Kingfisher" */ = {
			isa = XCRemoteSwiftPackageReference;
			repositoryURL = "https://github.com/onevcat/Kingfisher";
			requirement = {
				kind = upToNextMajorVersion;
				minimumVersion = 7.10.0;
			};
		};
/* End XCRemoteSwiftPackageReference section */

/* Begin XCSwiftPackageProductDependency section */
		E30C2CF52B0C242900530D71 /* SnapKit */ = {
			isa = XCSwiftPackageProductDependency;
			package = E30C2CF32B0C238800530D71 /* XCRemoteSwiftPackageReference "SnapKit" */;
			productName = SnapKit;
		};
		E30C2D042B0C32F700530D71 /* Kingfisher */ = {
			isa = XCSwiftPackageProductDependency;
			package = E30C2D032B0C32F700530D71 /* XCRemoteSwiftPackageReference "Kingfisher" */;
			productName = Kingfisher;
		};
/* End XCSwiftPackageProductDependency section */
	};
	rootObject = E3D92C322B0AB4A100EBA968 /* Project object */;
}
